// !$*UTF8*$!
{
	archiveVersion = 1;
	classes = {
	};
	objectVersion = 51;
	objects = {

/* Begin PBXBuildFile section */
		3D5BB79CC994A6493BF6C961 /* Pods_Shopintro.framework in Frameworks */ = {isa = PBXBuildFile; fileRef = 62C7933C883AC12C4E626BF0 /* Pods_Shopintro.framework */; };
		EB349FB924906D01001DE25D /* AppDelegate.swift in Sources */ = {isa = PBXBuildFile; fileRef = EB349FB824906D01001DE25D /* AppDelegate.swift */; };
		EB349FBB24906D01001DE25D /* SceneDelegate.swift in Sources */ = {isa = PBXBuildFile; fileRef = EB349FBA24906D01001DE25D /* SceneDelegate.swift */; };
		EB349FBD24906D01001DE25D /* ViewController.swift in Sources */ = {isa = PBXBuildFile; fileRef = EB349FBC24906D01001DE25D /* ViewController.swift */; };
		EB349FC024906D01001DE25D /* Main.storyboard in Resources */ = {isa = PBXBuildFile; fileRef = EB349FBE24906D01001DE25D /* Main.storyboard */; };
		EB349FC224906D09001DE25D /* Assets.xcassets in Resources */ = {isa = PBXBuildFile; fileRef = EB349FC124906D09001DE25D /* Assets.xcassets */; };
		EB349FC524906D09001DE25D /* LaunchScreen.storyboard in Resources */ = {isa = PBXBuildFile; fileRef = EB349FC324906D09001DE25D /* LaunchScreen.storyboard */; };
		EB349FCD24906E79001DE25D /* data.db in Resources */ = {isa = PBXBuildFile; fileRef = EB349FCC24906E5B001DE25D /* data.db */; };
		EB349FCF24906EFD001DE25D /* libsqlite3.dylib in Resources */ = {isa = PBXBuildFile; fileRef = EB349FCE24906EFD001DE25D /* libsqlite3.dylib */; };
		EBCB456424907F0100DC967C /* Shop.swift in Sources */ = {isa = PBXBuildFile; fileRef = EBCB456324907F0100DC967C /* Shop.swift */; };
		EBCB4570249096E300DC967C /* SQLiteDB.swift in Sources */ = {isa = PBXBuildFile; fileRef = EBCB456C249096E200DC967C /* SQLiteDB.swift */; };
		EBCB4571249096E300DC967C /* String-Extras.swift in Sources */ = {isa = PBXBuildFile; fileRef = EBCB456D249096E300DC967C /* String-Extras.swift */; };
		EBCB4572249096E300DC967C /* SQLTable.swift in Sources */ = {isa = PBXBuildFile; fileRef = EBCB456F249096E300DC967C /* SQLTable.swift */; };
/* End PBXBuildFile section */

/* Begin PBXFileReference section */
		099504182ABA37D98F1DAF2E /* Pods-Shopintro.release.xcconfig */ = {isa = PBXFileReference; includeInIndex = 1; lastKnownFileType = text.xcconfig; name = "Pods-Shopintro.release.xcconfig"; path = "Target Support Files/Pods-Shopintro/Pods-Shopintro.release.xcconfig"; sourceTree = "<group>"; };
		2BE71312A9BBB13D00D49537 /* Pods-Shopintro.debug.xcconfig */ = {isa = PBXFileReference; includeInIndex = 1; lastKnownFileType = text.xcconfig; name = "Pods-Shopintro.debug.xcconfig"; path = "Target Support Files/Pods-Shopintro/Pods-Shopintro.debug.xcconfig"; sourceTree = "<group>"; };
		62C7933C883AC12C4E626BF0 /* Pods_Shopintro.framework */ = {isa = PBXFileReference; explicitFileType = wrapper.framework; includeInIndex = 0; path = Pods_Shopintro.framework; sourceTree = BUILT_PRODUCTS_DIR; };
		EB349FB524906D01001DE25D /* Shopintro.app */ = {isa = PBXFileReference; explicitFileType = wrapper.application; includeInIndex = 0; path = Shopintro.app; sourceTree = BUILT_PRODUCTS_DIR; };
		EB349FB824906D01001DE25D /* AppDelegate.swift */ = {isa = PBXFileReference; lastKnownFileType = sourcecode.swift; path = AppDelegate.swift; sourceTree = "<group>"; };
		EB349FBA24906D01001DE25D /* SceneDelegate.swift */ = {isa = PBXFileReference; lastKnownFileType = sourcecode.swift; path = SceneDelegate.swift; sourceTree = "<group>"; };
		EB349FBC24906D01001DE25D /* ViewController.swift */ = {isa = PBXFileReference; lastKnownFileType = sourcecode.swift; path = ViewController.swift; sourceTree = "<group>"; };
		EB349FBF24906D01001DE25D /* Base */ = {isa = PBXFileReference; lastKnownFileType = file.storyboard; name = Base; path = Base.lproj/Main.storyboard; sourceTree = "<group>"; };
		EB349FC124906D09001DE25D /* Assets.xcassets */ = {isa = PBXFileReference; lastKnownFileType = folder.assetcatalog; path = Assets.xcassets; sourceTree = "<group>"; };
		EB349FC424906D09001DE25D /* Base */ = {isa = PBXFileReference; lastKnownFileType = file.storyboard; name = Base; path = Base.lproj/LaunchScreen.storyboard; sourceTree = "<group>"; };
		EB349FC624906D09001DE25D /* Info.plist */ = {isa = PBXFileReference; lastKnownFileType = text.plist.xml; path = Info.plist; sourceTree = "<group>"; };
		EB349FCC24906E5B001DE25D /* data.db */ = {isa = PBXFileReference; lastKnownFileType = file; path = data.db; sourceTree = "<group>"; };
		EB349FCE24906EFD001DE25D /* libsqlite3.dylib */ = {isa = PBXFileReference; lastKnownFileType = "compiled.mach-o.dylib"; path = libsqlite3.dylib; sourceTree = "<group>"; };
		EBCB456324907F0100DC967C /* Shop.swift */ = {isa = PBXFileReference; lastKnownFileType = sourcecode.swift; path = Shop.swift; sourceTree = "<group>"; };
		EBCB456C249096E200DC967C /* SQLiteDB.swift */ = {isa = PBXFileReference; fileEncoding = 4; lastKnownFileType = sourcecode.swift; path = SQLiteDB.swift; sourceTree = "<group>"; };
		EBCB456D249096E300DC967C /* String-Extras.swift */ = {isa = PBXFileReference; fileEncoding = 4; lastKnownFileType = sourcecode.swift; name = "String-Extras.swift"; path = "../../../../Downloads/SQLiteDB/String-Extras.swift"; sourceTree = "<group>"; };
		EBCB456E249096E300DC967C /* ShopIntro-Bridging-Header.h */ = {isa = PBXFileReference; fileEncoding = 4; lastKnownFileType = sourcecode.c.h; path = "ShopIntro-Bridging-Header.h"; sourceTree = "<group>"; };
		EBCB456F249096E300DC967C /* SQLTable.swift */ = {isa = PBXFileReference; fileEncoding = 4; lastKnownFileType = sourcecode.swift; path = SQLTable.swift; sourceTree = "<group>"; };
/* End PBXFileReference section */

/* Begin PBXFrameworksBuildPhase section */
		EB349FB224906D01001DE25D /* Frameworks */ = {
			isa = PBXFrameworksBuildPhase;
			buildActionMask = 2147483647;
			files = (
				3D5BB79CC994A6493BF6C961 /* Pods_Shopintro.framework in Frameworks */,
			);
			runOnlyForDeploymentPostprocessing = 0;
		};
/* End PBXFrameworksBuildPhase section */

/* Begin PBXGroup section */
		3FB1779E458D92B7493ADF1F /* Pods */ = {
			isa = PBXGroup;
			children = (
				2BE71312A9BBB13D00D49537 /* Pods-Shopintro.debug.xcconfig */,
				099504182ABA37D98F1DAF2E /* Pods-Shopintro.release.xcconfig */,
			);
			path = Pods;
			sourceTree = "<group>";
		};
		4826F8061113831551AAD678 /* Frameworks */ = {
			isa = PBXGroup;
			children = (
				62C7933C883AC12C4E626BF0 /* Pods_Shopintro.framework */,
			);
			name = Frameworks;
			sourceTree = "<group>";
		};
		EB349FAC24906D01001DE25D = {
			isa = PBXGroup;
			children = (
				EB349FCE24906EFD001DE25D /* libsqlite3.dylib */,
				EB349FB724906D01001DE25D /* Shopintro */,
				EB349FB624906D01001DE25D /* Products */,
				3FB1779E458D92B7493ADF1F /* Pods */,
				4826F8061113831551AAD678 /* Frameworks */,
			);
			sourceTree = "<group>";
		};
		EB349FB624906D01001DE25D /* Products */ = {
			isa = PBXGroup;
			children = (
				EB349FB524906D01001DE25D /* Shopintro.app */,
			);
			name = Products;
			sourceTree = "<group>";
		};
		EB349FB724906D01001DE25D /* Shopintro */ = {
			isa = PBXGroup;
			children = (
				EB349FCC24906E5B001DE25D /* data.db */,
				EBCB456E249096E300DC967C /* ShopIntro-Bridging-Header.h */,
				EBCB456C249096E200DC967C /* SQLiteDB.swift */,
				EBCB456F249096E300DC967C /* SQLTable.swift */,
				EBCB456D249096E300DC967C /* String-Extras.swift */,
				EB349FB824906D01001DE25D /* AppDelegate.swift */,
				EB349FBA24906D01001DE25D /* SceneDelegate.swift */,
				EBCB456324907F0100DC967C /* Shop.swift */,
				EB349FBC24906D01001DE25D /* ViewController.swift */,
				EB349FBE24906D01001DE25D /* Main.storyboard */,
				EB349FC124906D09001DE25D /* Assets.xcassets */,
				EB349FC324906D09001DE25D /* LaunchScreen.storyboard */,
				EB349FC624906D09001DE25D /* Info.plist */,
			);
			path = Shopintro;
			sourceTree = "<group>";
		};
/* End PBXGroup section */

/* Begin PBXNativeTarget section */
		EB349FB424906D01001DE25D /* Shopintro */ = {
			isa = PBXNativeTarget;
			buildConfigurationList = EB349FC924906D09001DE25D /* Build configuration list for PBXNativeTarget "Shopintro" */;
			buildPhases = (
				7770A3998674D0ECC30A6F00 /* [CP] Check Pods Manifest.lock */,
				EB349FB124906D01001DE25D /* Sources */,
				EB349FB224906D01001DE25D /* Frameworks */,
				EB349FB324906D01001DE25D /* Resources */,
				E93AEF0B353B655CA6F698F8 /* [CP] Copy Pods Resources */,
			);
			buildRules = (
			);
			dependencies = (
			);
			name = Shopintro;
			productName = Shopintro;
			productReference = EB349FB524906D01001DE25D /* Shopintro.app */;
			productType = "com.apple.product-type.application";
		};
/* End PBXNativeTarget section */

/* Begin PBXProject section */
		EB349FAD24906D01001DE25D /* Project object */ = {
			isa = PBXProject;
			attributes = {
				LastSwiftUpdateCheck = 1150;
				LastUpgradeCheck = 1150;
				ORGANIZATIONNAME = Owner;
				TargetAttributes = {
					EB349FB424906D01001DE25D = {
						CreatedOnToolsVersion = 11.5;
					};
				};
			};
			buildConfigurationList = EB349FB024906D01001DE25D /* Build configuration list for PBXProject "Shopintro" */;
			compatibilityVersion = "Xcode 9.3";
			developmentRegion = en;
			hasScannedForEncodings = 0;
			knownRegions = (
				en,
				Base,
			);
			mainGroup = EB349FAC24906D01001DE25D;
			productRefGroup = EB349FB624906D01001DE25D /* Products */;
			projectDirPath = "";
			projectRoot = "";
			targets = (
				EB349FB424906D01001DE25D /* Shopintro */,
			);
		};
/* End PBXProject section */

/* Begin PBXResourcesBuildPhase section */
		EB349FB324906D01001DE25D /* Resources */ = {
			isa = PBXResourcesBuildPhase;
			buildActionMask = 2147483647;
			files = (
				EB349FCF24906EFD001DE25D /* libsqlite3.dylib in Resources */,
				EB349FCD24906E79001DE25D /* data.db in Resources */,
				EB349FC524906D09001DE25D /* LaunchScreen.storyboard in Resources */,
				EB349FC224906D09001DE25D /* Assets.xcassets in Resources */,
				EB349FC024906D01001DE25D /* Main.storyboard in Resources */,
			);
			runOnlyForDeploymentPostprocessing = 0;
		};
/* End PBXResourcesBuildPhase section */

/* Begin PBXShellScriptBuildPhase section */
		7770A3998674D0ECC30A6F00 /* [CP] Check Pods Manifest.lock */ = {
			isa = PBXShellScriptBuildPhase;
			buildActionMask = 2147483647;
			files = (
			);
			inputFileListPaths = (
			);
			inputPaths = (
				"${PODS_PODFILE_DIR_PATH}/Podfile.lock",
				"${PODS_ROOT}/Manifest.lock",
			);
			name = "[CP] Check Pods Manifest.lock";
			outputFileListPaths = (
			);
			outputPaths = (
				"$(DERIVED_FILE_DIR)/Pods-Shopintro-checkManifestLockResult.txt",
			);
			runOnlyForDeploymentPostprocessing = 0;
			shellPath = /bin/sh;
			shellScript = "diff \"${PODS_PODFILE_DIR_PATH}/Podfile.lock\" \"${PODS_ROOT}/Manifest.lock\" > /dev/null\nif [ $? != 0 ] ; then\n    # print error to STDERR\n    echo \"error: The sandbox is not in sync with the Podfile.lock. Run 'pod install' or update your CocoaPods installation.\" >&2\n    exit 1\nfi\n# This output is used by Xcode 'outputs' to avoid re-running this script phase.\necho \"SUCCESS\" > \"${SCRIPT_OUTPUT_FILE_0}\"\n";
			showEnvVarsInLog = 0;
		};
		E93AEF0B353B655CA6F698F8 /* [CP] Copy Pods Resources */ = {
			isa = PBXShellScriptBuildPhase;
			buildActionMask = 2147483647;
			files = (
			);
			inputFileListPaths = (
				"${PODS_ROOT}/Target Support Files/Pods-Shopintro/Pods-Shopintro-resources-${CONFIGURATION}-input-files.xcfilelist",
			);
			name = "[CP] Copy Pods Resources";
			outputFileListPaths = (
				"${PODS_ROOT}/Target Support Files/Pods-Shopintro/Pods-Shopintro-resources-${CONFIGURATION}-output-files.xcfilelist",
			);
			runOnlyForDeploymentPostprocessing = 0;
			shellPath = /bin/sh;
			shellScript = "\"${PODS_ROOT}/Target Support Files/Pods-Shopintro/Pods-Shopintro-resources.sh\"\n";
			showEnvVarsInLog = 0;
		};
/* End PBXShellScriptBuildPhase section */

/* Begin PBXSourcesBuildPhase section */
		EB349FB124906D01001DE25D /* Sources */ = {
			isa = PBXSourcesBuildPhase;
			buildActionMask = 2147483647;
			files = (
				EB349FBD24906D01001DE25D /* ViewController.swift in Sources */,
				EBCB4572249096E300DC967C /* SQLTable.swift in Sources */,
				EBCB4571249096E300DC967C /* String-Extras.swift in Sources */,
				EB349FB924906D01001DE25D /* AppDelegate.swift in Sources */,
				EBCB4570249096E300DC967C /* SQLiteDB.swift in Sources */,
				EB349FBB24906D01001DE25D /* SceneDelegate.swift in Sources */,
				EBCB456424907F0100DC967C /* Shop.swift in Sources */,
			);
			runOnlyForDeploymentPostprocessing = 0;
		};
/* End PBXSourcesBuildPhase section */

/* Begin PBXVariantGroup section */
		EB349FBE24906D01001DE25D /* Main.storyboard */ = {
			isa = PBXVariantGroup;
			children = (
				EB349FBF24906D01001DE25D /* Base */,
			);
			name = Main.storyboard;
			sourceTree = "<group>";
		};
		EB349FC324906D09001DE25D /* LaunchScreen.storyboard */ = {
			isa = PBXVariantGroup;
			children = (
				EB349FC424906D09001DE25D /* Base */,
			);
			name = LaunchScreen.storyboard;
			sourceTree = "<group>";
		};
/* End PBXVariantGroup section */

/* Begin XCBuildConfiguration section */
		EB349FC724906D09001DE25D /* Debug */ = {
			isa = XCBuildConfiguration;
			buildSettings = {
				ALWAYS_SEARCH_USER_PATHS = NO;
				CLANG_ANALYZER_NONNULL = YES;
				CLANG_ANALYZER_NUMBER_OBJECT_CONVERSION = YES_AGGRESSIVE;
				CLANG_CXX_LANGUAGE_STANDARD = "gnu++14";
				CLANG_CXX_LIBRARY = "libc++";
				CLANG_ENABLE_MODULES = YES;
				CLANG_ENABLE_OBJC_ARC = YES;
				CLANG_ENABLE_OBJC_WEAK = YES;
				CLANG_WARN_BLOCK_CAPTURE_AUTORELEASING = YES;
				CLANG_WARN_BOOL_CONVERSION = YES;
				CLANG_WARN_COMMA = YES;
				CLANG_WARN_CONSTANT_CONVERSION = YES;
				CLANG_WARN_DEPRECATED_OBJC_IMPLEMENTATIONS = YES;
				CLANG_WARN_DIRECT_OBJC_ISA_USAGE = YES_ERROR;
				CLANG_WARN_DOCUMENTATION_COMMENTS = YES;
				CLANG_WARN_EMPTY_BODY = YES;
				CLANG_WARN_ENUM_CONVERSION = YES;
				CLANG_WARN_INFINITE_RECURSION = YES;
				CLANG_WARN_INT_CONVERSION = YES;
				CLANG_WARN_NON_LITERAL_NULL_CONVERSION = YES;
				CLANG_WARN_OBJC_IMPLICIT_RETAIN_SELF = YES;
				CLANG_WARN_OBJC_LITERAL_CONVERSION = YES;
				CLANG_WARN_OBJC_ROOT_CLASS = YES_ERROR;
				CLANG_WARN_RANGE_LOOP_ANALYSIS = YES;
				CLANG_WARN_STRICT_PROTOTYPES = YES;
				CLANG_WARN_SUSPICIOUS_MOVE = YES;
				CLANG_WARN_UNGUARDED_AVAILABILITY = YES_AGGRESSIVE;
				CLANG_WARN_UNREACHABLE_CODE = YES;
				CLANG_WARN__DUPLICATE_METHOD_MATCH = YES;
				COPY_PHASE_STRIP = NO;
				DEBUG_INFORMATION_FORMAT = dwarf;
				ENABLE_STRICT_OBJC_MSGSEND = YES;
				ENABLE_TESTABILITY = YES;
				GCC_C_LANGUAGE_STANDARD = gnu11;
				GCC_DYNAMIC_NO_PIC = NO;
				GCC_NO_COMMON_BLOCKS = YES;
				GCC_OPTIMIZATION_LEVEL = 0;
				GCC_PREPROCESSOR_DEFINITIONS = (
					"DEBUG=1",
					"$(inherited)",
				);
				GCC_WARN_64_TO_32_BIT_CONVERSION = YES;
				GCC_WARN_ABOUT_RETURN_TYPE = YES_ERROR;
				GCC_WARN_UNDECLARED_SELECTOR = YES;
				GCC_WARN_UNINITIALIZED_AUTOS = YES_AGGRESSIVE;
				GCC_WARN_UNUSED_FUNCTION = YES;
				GCC_WARN_UNUSED_VARIABLE = YES;
				IPHONEOS_DEPLOYMENT_TARGET = 13.5;
				MTL_ENABLE_DEBUG_INFO = INCLUDE_SOURCE;
				MTL_FAST_MATH = YES;
				ONLY_ACTIVE_ARCH = YES;
				SDKROOT = iphoneos;
				SWIFT_ACTIVE_COMPILATION_CONDITIONS = DEBUG;
				SWIFT_OPTIMIZATION_LEVEL = "-Onone";
			};
			name = Debug;
		};
		EB349FC824906D09001DE25D /* Release */ = {
			isa = XCBuildConfiguration;
			buildSettings = {
				ALWAYS_SEARCH_USER_PATHS = NO;
				CLANG_ANALYZER_NONNULL = YES;
				CLANG_ANALYZER_NUMBER_OBJECT_CONVERSION = YES_AGGRESSIVE;
				CLANG_CXX_LANGUAGE_STANDARD = "gnu++14";
				CLANG_CXX_LIBRARY = "libc++";
				CLANG_ENABLE_MODULES = YES;
				CLANG_ENABLE_OBJC_ARC = YES;
				CLANG_ENABLE_OBJC_WEAK = YES;
				CLANG_WARN_BLOCK_CAPTURE_AUTORELEASING = YES;
				CLANG_WARN_BOOL_CONVERSION = YES;
				CLANG_WARN_COMMA = YES;
				CLANG_WARN_CONSTANT_CONVERSION = YES;
				CLANG_WARN_DEPRECATED_OBJC_IMPLEMENTATIONS = YES;
				CLANG_WARN_DIRECT_OBJC_ISA_USAGE = YES_ERROR;
				CLANG_WARN_DOCUMENTATION_COMMENTS = YES;
				CLANG_WARN_EMPTY_BODY = YES;
				CLANG_WARN_ENUM_CONVERSION = YES;
				CLANG_WARN_INFINITE_RECURSION = YES;
				CLANG_WARN_INT_CONVERSION = YES;
				CLANG_WARN_NON_LITERAL_NULL_CONVERSION = YES;
				CLANG_WARN_OBJC_IMPLICIT_RETAIN_SELF = YES;
				CLANG_WARN_OBJC_LITERAL_CONVERSION = YES;
				CLANG_WARN_OBJC_ROOT_CLASS = YES_ERROR;
				CLANG_WARN_RANGE_LOOP_ANALYSIS = YES;
				CLANG_WARN_STRICT_PROTOTYPES = YES;
				CLANG_WARN_SUSPICIOUS_MOVE = YES;
				CLANG_WARN_UNGUARDED_AVAILABILITY = YES_AGGRESSIVE;
				CLANG_WARN_UNREACHABLE_CODE = YES;
				CLANG_WARN__DUPLICATE_METHOD_MATCH = YES;
				COPY_PHASE_STRIP = NO;
				DEBUG_INFORMATION_FORMAT = "dwarf-with-dsym";
				ENABLE_NS_ASSERTIONS = NO;
				ENABLE_STRICT_OBJC_MSGSEND = YES;
				GCC_C_LANGUAGE_STANDARD = gnu11;
				GCC_NO_COMMON_BLOCKS = YES;
				GCC_WARN_64_TO_32_BIT_CONVERSION = YES;
				GCC_WARN_ABOUT_RETURN_TYPE = YES_ERROR;
				GCC_WARN_UNDECLARED_SELECTOR = YES;
				GCC_WARN_UNINITIALIZED_AUTOS = YES_AGGRESSIVE;
				GCC_WARN_UNUSED_FUNCTION = YES;
				GCC_WARN_UNUSED_VARIABLE = YES;
				IPHONEOS_DEPLOYMENT_TARGET = 13.5;
				MTL_ENABLE_DEBUG_INFO = NO;
				MTL_FAST_MATH = YES;
				SDKROOT = iphoneos;
				SWIFT_COMPILATION_MODE = wholemodule;
				SWIFT_OPTIMIZATION_LEVEL = "-O";
				VALIDATE_PRODUCT = YES;
			};
			name = Release;
		};
		EB349FCA24906D09001DE25D /* Debug */ = {
			isa = XCBuildConfiguration;
			baseConfigurationReference = 2BE71312A9BBB13D00D49537 /* Pods-Shopintro.debug.xcconfig */;
			buildSettings = {
				ASSETCATALOG_COMPILER_APPICON_NAME = AppIcon;
				CODE_SIGN_ENTITLEMENTS = Shopintro/Shopintro.entitlements;
				CODE_SIGN_STYLE = Automatic;
				INFOPLIST_FILE = Shopintro/Info.plist;
				LD_RUNPATH_SEARCH_PATHS = (
					"$(inherited)",
					"@executable_path/Frameworks",
				);
				PRODUCT_BUNDLE_IDENTIFIER = "jp.co.al-j.Shopintro";
				PRODUCT_NAME = "$(TARGET_NAME)";
				SWIFT_OBJC_BRIDGING_HEADER = "Shopintro/ShopIntro-Bridging-Header.h";
				"SWIFT_OBJC_BRIDGING_HEADER[arch=*]" = "Shopintro/ShopIntro-Bridging-Header.h";
				SWIFT_VERSION = 5.0;
				TARGETED_DEVICE_FAMILY = "1,2";
			};
			name = Debug;
		};
		EB349FCB24906D09001DE25D /* Release */ = {
			isa = XCBuildConfiguration;
			baseConfigurationReference = 099504182ABA37D98F1DAF2E /* Pods-Shopintro.release.xcconfig */;
			buildSettings = {
				ASSETCATALOG_COMPILER_APPICON_NAME = AppIcon;
				CODE_SIGN_ENTITLEMENTS = Shopintro/Shopintro.entitlements;
				CODE_SIGN_STYLE = Automatic;
				DEVELOPMENT_TEAM = WSTVQB6Y6X;
				INFOPLIST_FILE = Shopintro/Info.plist;
				LD_RUNPATH_SEARCH_PATHS = (
					"$(inherited)",
					"@executable_path/Frameworks",
				);
				PRODUCT_BUNDLE_IDENTIFIER = "jp.co.al-j.ShopintroOyama";
				PRODUCT_NAME = "$(TARGET_NAME)";
				SWIFT_OBJC_BRIDGING_HEADER = "Shopintro/ShopIntro-Bridging-Header.h";
				SWIFT_VERSION = 5.0;
				TARGETED_DEVICE_FAMILY = "1,2";
			};
			name = Release;
		};
/* End XCBuildConfiguration section */

/* Begin XCConfigurationList section */
		EB349FB024906D01001DE25D /* Build configuration list for PBXProject "Shopintro" */ = {
			isa = XCConfigurationList;
			buildConfigurations = (
				EB349FC724906D09001DE25D /* Debug */,
				EB349FC824906D09001DE25D /* Release */,
			);
			defaultConfigurationIsVisible = 0;
			defaultConfigurationName = Release;
		};
		EB349FC924906D09001DE25D /* Build configuration list for PBXNativeTarget "Shopintro" */ = {
			isa = XCConfigurationList;
			buildConfigurations = (
				EB349FCA24906D09001DE25D /* Debug */,
				EB349FCB24906D09001DE25D /* Release */,
			);
			defaultConfigurationIsVisible = 0;
			defaultConfigurationName = Release;
		};
/* End XCConfigurationList section */
	};
	rootObject = EB349FAD24906D01001DE25D /* Project object */;
}
